
Microsoft Visual Studio Solution File, Format Version 12.00
# Visual Studio 2012
Project("{FAE04EC0-301F-11D3-BF4B-00C04F79EFBC}") = "windowsforms", "windowsforms.csproj", "{37B1A27E-358D-4D33-9FB9-C81866DC8173}"
EndProject
Global
	GlobalSection(SolutionConfigurationPlatforms) = preSolution
		Debug|Any CPU = Debug|Any CPU
		Release|Any CPU = Release|Any CPU
	EndGlobalSection
	GlobalSection(ProjectConfigurationPlatforms) = postSolution
		{37B1A27E-358D-4D33-9FB9-C81866DC8173}.Debug|Any CPU.ActiveCfg = Debug|Any CPU
		{37B1A27E-358D-4D33-9FB9-C81866DC8173}.Debug|Any CPU.Build.0 = Debug|Any CPU
		{37B1A27E-358D-4D33-9FB9-C81866DC8173}.Release|Any CPU.ActiveCfg = Release|Any CPU
		{37B1A27E-358D-4D33-9FB9-C81866DC8173}.Release|Any CPU.Build.0 = Release|Any CPU
	EndGlobalSection
	GlobalSection(SolutionProperties) = preSolution
		HideSolutionNode = FALSE
	EndGlobalSection
EndGlobal
